
Microsoft Visual Studio Solution File, Format Version 12.00
# Visual Studio Version 16
VisualStudioVersion = 16.0.30907.101
MinimumVisualStudioVersion = 10.0.40219.1
Project("{FAE04EC0-301F-11D3-BF4B-00C04F79EFBC}") = "PokemonApp", "PokemonApp\PokemonApp.csproj", "{16E97D24-009A-467D-B4A9-033C031E02BB}"
EndProject
Global
	GlobalSection(SolutionConfigurationPlatforms) = preSolution
		Debug|Any CPU = Debug|Any CPU
		Release|Any CPU = Release|Any CPU
	EndGlobalSection
	GlobalSection(ProjectConfigurationPlatforms) = postSolution
		{16E97D24-009A-467D-B4A9-033C031E02BB}.Debug|Any CPU.ActiveCfg = Debug|Any CPU
		{16E97D24-009A-467D-B4A9-033C031E02BB}.Debug|Any CPU.Build.0 = Debug|Any CPU
		{16E97D24-009A-467D-B4A9-033C031E02BB}.Release|Any CPU.ActiveCfg = Release|Any CPU
		{16E97D24-009A-467D-B4A9-033C031E02BB}.Release|Any CPU.Build.0 = Release|Any CPU
	EndGlobalSection
	GlobalSection(SolutionProperties) = preSolution
		HideSolutionNode = FALSE
	EndGlobalSection
	GlobalSection(ExtensibilityGlobals) = postSolution
		SolutionGuid = {F793B41E-EEB2-4A7B-9407-4017C2F014E0}
	EndGlobalSection
EndGlobal
